// !$*UTF8*$!
{
	archiveVersion = 1;
	classes = {
	};
	objectVersion = 46;
	objects = {

/* Begin PBXBuildFile section */
		036FCB371D010ED100DE9C76 /* main.m in Sources */ = {isa = PBXBuildFile; fileRef = 036FCB361D010ED100DE9C76 /* main.m */; };
		036FCB3A1D010ED100DE9C76 /* AppDelegate.m in Sources */ = {isa = PBXBuildFile; fileRef = 036FCB391D010ED100DE9C76 /* AppDelegate.m */; };
		036FCB3D1D010ED100DE9C76 /* ViewController.m in Sources */ = {isa = PBXBuildFile; fileRef = 036FCB3C1D010ED100DE9C76 /* ViewController.m */; };
		036FCB401D010ED100DE9C76 /* Main.storyboard in Resources */ = {isa = PBXBuildFile; fileRef = 036FCB3E1D010ED100DE9C76 /* Main.storyboard */; };
		036FCB421D010ED100DE9C76 /* Assets.xcassets in Resources */ = {isa = PBXBuildFile; fileRef = 036FCB411D010ED100DE9C76 /* Assets.xcassets */; };
		036FCB451D010ED100DE9C76 /* LaunchScreen.storyboard in Resources */ = {isa = PBXBuildFile; fileRef = 036FCB431D010ED100DE9C76 /* LaunchScreen.storyboard */; };
/* End PBXBuildFile section */

/* Begin PBXFileReference section */
		036FCB321D010ED100DE9C76 /* 下拉图片放大.app */ = {isa = PBXFileReference; explicitFileType = wrapper.application; includeInIndex = 0; path = "下拉图片放大.app"; sourceTree = BUILT_PRODUCTS_DIR; };
		036FCB361D010ED100DE9C76 /* main.m */ = {isa = PBXFileReference; lastKnownFileType = sourcecode.c.objc; path = main.m; sourceTree = "<group>"; };
		036FCB381D010ED100DE9C76 /* AppDelegate.h */ = {isa = PBXFileReference; lastKnownFileType = sourcecode.c.h; path = AppDelegate.h; sourceTree = "<group>"; };
		036FCB391D010ED100DE9C76 /* AppDelegate.m */ = {isa = PBXFileReference; lastKnownFileType = sourcecode.c.objc; path = AppDelegate.m; sourceTree = "<group>"; };
		036FCB3B1D010ED100DE9C76 /* ViewController.h */ = {isa = PBXFileReference; lastKnownFileType = sourcecode.c.h; path = ViewController.h; sourceTree = "<group>"; };
		036FCB3C1D010ED100DE9C76 /* ViewController.m */ = {isa = PBXFileReference; lastKnownFileType = sourcecode.c.objc; path = ViewController.m; sourceTree = "<group>"; };
		036FCB3F1D010ED100DE9C76 /* Base */ = {isa = PBXFileReference; lastKnownFileType = file.storyboard; name = Base; path = Base.lproj/Main.storyboard; sourceTree = "<group>"; };
		036FCB411D010ED100DE9C76 /* Assets.xcassets */ = {isa = PBXFileReference; lastKnownFileType = folder.assetcatalog; path = Assets.xcassets; sourceTree = "<group>"; };
		036FCB441D010ED100DE9C76 /* Base */ = {isa = PBXFileReference; lastKnownFileType = file.storyboard; name = Base; path = Base.lproj/LaunchScreen.storyboard; sourceTree = "<group>"; };
		036FCB461D010ED100DE9C76 /* Info.plist */ = {isa = PBXFileReference; lastKnownFileType = text.plist.xml; path = Info.plist; sourceTree = "<group>"; };
/* End PBXFileReference section */

/* Begin PBXFrameworksBuildPhase section */
		036FCB2F1D010ED100DE9C76 /* Frameworks */ = {
			isa = PBXFrameworksBuildPhase;
			buildActionMask = 2147483647;
			files = (
			);
			runOnlyForDeploymentPostprocessing = 0;
		};
/* End PBXFrameworksBuildPhase section */

/* Begin PBXGroup section */
		036FCB291D010ED100DE9C76 = {
			isa = PBXGroup;
			children = (
				036FCB341D010ED100DE9C76 /* 下拉图片放大 */,
				036FCB331D010ED100DE9C76 /* Products */,
			);
			sourceTree = "<group>";
		};
		036FCB331D010ED100DE9C76 /* Products */ = {
			isa = PBXGroup;
			children = (
				036FCB321D010ED100DE9C76 /* 下拉图片放大.app */,
			);
			name = Products;
			sourceTree = "<group>";
		};
		036FCB341D010ED100DE9C76 /* 下拉图片放大 */ = {
			isa = PBXGroup;
			children = (
				036FCB381D010ED100DE9C76 /* AppDelegate.h */,
				036FCB391D010ED100DE9C76 /* AppDelegate.m */,
				036FCB3B1D010ED100DE9C76 /* ViewController.h */,
				036FCB3C1D010ED100DE9C76 /* ViewController.m */,
				036FCB3E1D010ED100DE9C76 /* Main.storyboard */,
				036FCB411D010ED100DE9C76 /* Assets.xcassets */,
				036FCB431D010ED100DE9C76 /* LaunchScreen.storyboard */,
				036FCB461D010ED100DE9C76 /* Info.plist */,
				036FCB351D010ED100DE9C76 /* Supporting Files */,
			);
			path = "下拉图片放大";
			sourceTree = "<group>";
		};
		036FCB351D010ED100DE9C76 /* Supporting Files */ = {
			isa = PBXGroup;
			children = (
				036FCB361D010ED100DE9C76 /* main.m */,
			);
			name = "Supporting Files";
			sourceTree = "<group>";
		};
/* End PBXGroup section */

/* Begin PBXNativeTarget section */
		036FCB311D010ED100DE9C76 /* 下拉图片放大 */ = {
			isa = PBXNativeTarget;
			buildConfigurationList = 036FCB491D010ED100DE9C76 /* Build configuration list for PBXNativeTarget "下拉图片放大" */;
			buildPhases = (
				036FCB2E1D010ED100DE9C76 /* Sources */,
				036FCB2F1D010ED100DE9C76 /* Frameworks */,
				036FCB301D010ED100DE9C76 /* Resources */,
			);
			buildRules = (
			);
			dependencies = (
			);
			name = "下拉图片放大";
			productName = "下拉图片放大";
			productReference = 036FCB321D010ED100DE9C76 /* 下拉图片放大.app */;
			productType = "com.apple.product-type.application";
		};
/* End PBXNativeTarget section */

/* Begin PBXProject section */
		036FCB2A1D010ED100DE9C76 /* Project object */ = {
			isa = PBXProject;
			attributes = {
				LastUpgradeCheck = 0730;
				ORGANIZATIONNAME = Jay;
				TargetAttributes = {
					036FCB311D010ED100DE9C76 = {
						CreatedOnToolsVersion = 7.3.1;
						DevelopmentTeam = K6K4XSYHC6;
					};
				};
			};
			buildConfigurationList = 036FCB2D1D010ED100DE9C76 /* Build configuration list for PBXProject "下拉图片放大" */;
			compatibilityVersion = "Xcode 3.2";
			developmentRegion = English;
			hasScannedForEncodings = 0;
			knownRegions = (
				en,
				Base,
			);
			mainGroup = 036FCB291D010ED100DE9C76;
			productRefGroup = 036FCB331D010ED100DE9C76 /* Products */;
			projectDirPath = "";
			projectRoot = "";
			targets = (
				036FCB311D010ED100DE9C76 /* 下拉图片放大 */,
			);
		};
/* End PBXProject section */

/* Begin PBXResourcesBuildPhase section */
		036FCB301D010ED100DE9C76 /* Resources */ = {
			isa = PBXResourcesBuildPhase;
			buildActionMask = 2147483647;
			files = (
				036FCB451D010ED100DE9C76 /* LaunchScreen.storyboard in Resources */,
				036FCB421D010ED100DE9C76 /* Assets.xcassets in Resources */,
				036FCB401D010ED100DE9C76 /* Main.storyboard in Resources */,
			);
			runOnlyForDeploymentPostprocessing = 0;
		};
/* End PBXResourcesBuildPhase section */

/* Begin PBXSourcesBuildPhase section */
		036FCB2E1D010ED100DE9C76 /* Sources */ = {
			isa = PBXSourcesBuildPhase;
			buildActionMask = 2147483647;
			files = (
				036FCB3D1D010ED100DE9C76 /* ViewController.m in Sources */,
				036FCB3A1D010ED100DE9C76 /* AppDelegate.m in Sources */,
				036FCB371D010ED100DE9C76 /* main.m in Sources */,
			);
			runOnlyForDeploymentPostprocessing = 0;
		};
/* End PBXSourcesBuildPhase section */

/* Begin PBXVariantGroup section */
		036FCB3E1D010ED100DE9C76 /* Main.storyboard */ = {
			isa = PBXVariantGroup;
			children = (
				036FCB3F1D010ED100DE9C76 /* Base */,
			);
			name = Main.storyboard;
			sourceTree = "<group>";
		};
		036FCB431D010ED100DE9C76 /* LaunchScreen.storyboard */ = {
			isa = PBXVariantGroup;
			children = (
				036FCB441D010ED100DE9C76 /* Base */,
			);
			name = LaunchScreen.storyboard;
			sourceTree = "<group>";
		};
/* End PBXVariantGroup section */

/* Begin XCBuildConfiguration section */
		036FCB471D010ED100DE9C76 /* Debug */ = {
			isa = XCBuildConfiguration;
			buildSettings = {
				ALWAYS_SEARCH_USER_PATHS = NO;
				CLANG_ANALYZER_NONNULL = YES;
				CLANG_CXX_LANGUAGE_STANDARD = "gnu++0x";
				CLANG_CXX_LIBRARY = "libc++";
				CLANG_ENABLE_MODULES = YES;
				CLANG_ENABLE_OBJC_ARC = YES;
				CLANG_WARN_BOOL_CONVERSION = YES;
				CLANG_WARN_CONSTANT_CONVERSION = YES;
				CLANG_WARN_DIRECT_OBJC_ISA_USAGE = YES_ERROR;
				CLANG_WARN_EMPTY_BODY = YES;
				CLANG_WARN_ENUM_CONVERSION = YES;
				CLANG_WARN_INT_CONVERSION = YES;
				CLANG_WARN_OBJC_ROOT_CLASS = YES_ERROR;
				CLANG_WARN_UNREACHABLE_CODE = YES;
				CLANG_WARN__DUPLICATE_METHOD_MATCH = YES;
				"CODE_SIGN_IDENTITY[sdk=iphoneos*]" = "iPhone Developer";
				COPY_PHASE_STRIP = NO;
				DEBUG_INFORMATION_FORMAT = dwarf;
				ENABLE_STRICT_OBJC_MSGSEND = YES;
				ENABLE_TESTABILITY = YES;
				GCC_C_LANGUAGE_STANDARD = gnu99;
				GCC_DYNAMIC_NO_PIC = NO;
				GCC_NO_COMMON_BLOCKS = YES;
				GCC_OPTIMIZATION_LEVEL = 0;
				GCC_PREPROCESSOR_DEFINITIONS = (
					"DEBUG=1",
					"$(inherited)",
				);
				GCC_WARN_64_TO_32_BIT_CONVERSION = YES;
				GCC_WARN_ABOUT_RETURN_TYPE = YES_ERROR;
				GCC_WARN_UNDECLARED_SELECTOR = YES;
				GCC_WARN_UNINITIALIZED_AUTOS = YES_AGGRESSIVE;
				GCC_WARN_UNUSED_FUNCTION = YES;
				GCC_WARN_UNUSED_VARIABLE = YES;
				IPHONEOS_DEPLOYMENT_TARGET = 9.3;
				MTL_ENABLE_DEBUG_INFO = YES;
				ONLY_ACTIVE_ARCH = YES;
				SDKROOT = iphoneos;
			};
			name = Debug;
		};
		036FCB481D010ED100DE9C76 /* Release */ = {
			isa = XCBuildConfiguration;
			buildSettings = {
				ALWAYS_SEARCH_USER_PATHS = NO;
				CLANG_ANALYZER_NONNULL = YES;
				CLANG_CXX_LANGUAGE_STANDARD = "gnu++0x";
				CLANG_CXX_LIBRARY = "libc++";
				CLANG_ENABLE_MODULES = YES;
				CLANG_ENABLE_OBJC_ARC = YES;
				CLANG_WARN_BOOL_CONVERSION = YES;
				CLANG_WARN_CONSTANT_CONVERSION = YES;
				CLANG_WARN_DIRECT_OBJC_ISA_USAGE = YES_ERROR;
				CLANG_WARN_EMPTY_BODY = YES;
				CLANG_WARN_ENUM_CONVERSION = YES;
				CLANG_WARN_INT_CONVERSION = YES;
				CLANG_WARN_OBJC_ROOT_CLASS = YES_ERROR;
				CLANG_WARN_UNREACHABLE_CODE = YES;
				CLANG_WARN__DUPLICATE_METHOD_MATCH = YES;
				"CODE_SIGN_IDENTITY[sdk=iphoneos*]" = "iPhone Developer";
				COPY_PHASE_STRIP = NO;
				DEBUG_INFORMATION_FORMAT = "dwarf-with-dsym";
				ENABLE_NS_ASSERTIONS = NO;
				ENABLE_STRICT_OBJC_MSGSEND = YES;
				GCC_C_LANGUAGE_STANDARD = gnu99;
				GCC_NO_COMMON_BLOCKS = YES;
				GCC_WARN_64_TO_32_BIT_CONVERSION = YES;
				GCC_WARN_ABOUT_RETURN_TYPE = YES_ERROR;
				GCC_WARN_UNDECLARED_SELECTOR = YES;
				GCC_WARN_UNINITIALIZED_AUTOS = YES_AGGRESSIVE;
				GCC_WARN_UNUSED_FUNCTION = YES;
				GCC_WARN_UNUSED_VARIABLE = YES;
				IPHONEOS_DEPLOYMENT_TARGET = 9.3;
				MTL_ENABLE_DEBUG_INFO = NO;
				SDKROOT = iphoneos;
				VALIDATE_PRODUCT = YES;
			};
			name = Release;
		};
		036FCB4A1D010ED100DE9C76 /* Debug */ = {
			isa = XCBuildConfiguration;
			buildSettings = {
				ASSETCATALOG_COMPILER_APPICON_NAME = AppIcon;
				INFOPLIST_FILE = "下拉图片放大/Info.plist";
				LD_RUNPATH_SEARCH_PATHS = "$(inherited) @executable_path/Frameworks";
				PRODUCT_BUNDLE_IDENTIFIER = "object.------";
				PRODUCT_NAME = "$(TARGET_NAME)";
			};
			name = Debug;
		};
		036FCB4B1D010ED100DE9C76 /* Release */ = {
			isa = XCBuildConfiguration;
			buildSettings = {
				ASSETCATALOG_COMPILER_APPICON_NAME = AppIcon;
				INFOPLIST_FILE = "下拉图片放大/Info.plist";
				LD_RUNPATH_SEARCH_PATHS = "$(inherited) @executable_path/Frameworks";
				PRODUCT_BUNDLE_IDENTIFIER = "object.------";
				PRODUCT_NAME = "$(TARGET_NAME)";
			};
			name = Release;
		};
/* End XCBuildConfiguration section */

/* Begin XCConfigurationList section */
		036FCB2D1D010ED100DE9C76 /* Build configuration list for PBXProject "下拉图片放大" */ = {
			isa = XCConfigurationList;
			buildConfigurations = (
				036FCB471D010ED100DE9C76 /* Debug */,
				036FCB481D010ED100DE9C76 /* Release */,
			);
			defaultConfigurationIsVisible = 0;
			defaultConfigurationName = Release;
		};
		036FCB491D010ED100DE9C76 /* Build configuration list for PBXNativeTarget "下拉图片放大" */ = {
			isa = XCConfigurationList;
			buildConfigurations = (
				036FCB4A1D010ED100DE9C76 /* Debug */,
				036FCB4B1D010ED100DE9C76 /* Release */,
			);
			defaultConfigurationIsVisible = 0;
		};
/* End XCConfigurationList section */
	};
	rootObject = 036FCB2A1D010ED100DE9C76 /* Project object */;
}
